
Microsoft Visual Studio Solution File, Format Version 12.00
Project("{FAE04EC0-301F-11D3-BF4B-00C04F79EFBC}") = "KonteneryApp", "KonteneryApp\KonteneryApp.csproj", "{CCD3DE4A-718B-4551-8A47-6588E6015227}"
EndProject
Global
	GlobalSection(SolutionConfigurationPlatforms) = preSolution
		Debug|Any CPU = Debug|Any CPU
		Release|Any CPU = Release|Any CPU
	EndGlobalSection
	GlobalSection(ProjectConfigurationPlatforms) = postSolution
		{CCD3DE4A-718B-4551-8A47-6588E6015227}.Debug|Any CPU.ActiveCfg = Debug|Any CPU
		{CCD3DE4A-718B-4551-8A47-6588E6015227}.Debug|Any CPU.Build.0 = Debug|Any CPU
		{CCD3DE4A-718B-4551-8A47-6588E6015227}.Release|Any CPU.ActiveCfg = Release|Any CPU
		{CCD3DE4A-718B-4551-8A47-6588E6015227}.Release|Any CPU.Build.0 = Release|Any CPU
	EndGlobalSection
EndGlobal
